
Microsoft Visual Studio Solution File, Format Version 12.00
# Visual Studio Version 16
VisualStudioVersion = 16.0.30907.101
MinimumVisualStudioVersion = 10.0.40219.1
Project("{FAE04EC0-301F-11D3-BF4B-00C04F79EFBC}") = "PhoneBookMobile.Android", "PhoneBookMobile\PhoneBookMobile.Android\PhoneBookMobile.Android.csproj", "{474007D2-0FC3-48F5-9FE1-220DD42113C6}"
EndProject
Project("{FAE04EC0-301F-11D3-BF4B-00C04F79EFBC}") = "PhoneBookMobile.iOS", "PhoneBookMobile\PhoneBookMobile.iOS\PhoneBookMobile.iOS.csproj", "{785901D4-50E8-4DF1-B33A-6F9CD1E00508}"
EndProject
Project("{FAE04EC0-301F-11D3-BF4B-00C04F79EFBC}") = "PhoneBookMobile", "PhoneBookMobile\PhoneBookMobile\PhoneBookMobile.csproj", "{FD31B805-E159-433D-8BE6-9234F018A539}"
EndProject
Global
	GlobalSection(SolutionConfigurationPlatforms) = preSolution
		Debug|Any CPU = Debug|Any CPU
		Debug|iPhone = Debug|iPhone
		Debug|iPhoneSimulator = Debug|iPhoneSimulator
		Release|Any CPU = Release|Any CPU
		Release|iPhone = Release|iPhone
		Release|iPhoneSimulator = Release|iPhoneSimulator
	EndGlobalSection
	GlobalSection(ProjectConfigurationPlatforms) = postSolution
		{474007D2-0FC3-48F5-9FE1-220DD42113C6}.Debug|Any CPU.ActiveCfg = Debug|Any CPU
		{474007D2-0FC3-48F5-9FE1-220DD42113C6}.Debug|Any CPU.Build.0 = Debug|Any CPU
		{474007D2-0FC3-48F5-9FE1-220DD42113C6}.Debug|Any CPU.Deploy.0 = Debug|Any CPU
		{474007D2-0FC3-48F5-9FE1-220DD42113C6}.Debug|iPhone.ActiveCfg = Debug|Any CPU
		{474007D2-0FC3-48F5-9FE1-220DD42113C6}.Debug|iPhone.Build.0 = Debug|Any CPU
		{474007D2-0FC3-48F5-9FE1-220DD42113C6}.Debug|iPhone.Deploy.0 = Debug|Any CPU
		{474007D2-0FC3-48F5-9FE1-220DD42113C6}.Debug|iPhoneSimulator.ActiveCfg = Debug|Any CPU
		{474007D2-0FC3-48F5-9FE1-220DD42113C6}.Debug|iPhoneSimulator.Build.0 = Debug|Any CPU
		{474007D2-0FC3-48F5-9FE1-220DD42113C6}.Debug|iPhoneSimulator.Deploy.0 = Debug|Any CPU
		{474007D2-0FC3-48F5-9FE1-220DD42113C6}.Release|Any CPU.ActiveCfg = Release|Any CPU
		{474007D2-0FC3-48F5-9FE1-220DD42113C6}.Release|Any CPU.Build.0 = Release|Any CPU
		{474007D2-0FC3-48F5-9FE1-220DD42113C6}.Release|Any CPU.Deploy.0 = Release|Any CPU
		{474007D2-0FC3-48F5-9FE1-220DD42113C6}.Release|iPhone.ActiveCfg = Release|Any CPU
		{474007D2-0FC3-48F5-9FE1-220DD42113C6}.Release|iPhone.Build.0 = Release|Any CPU
		{474007D2-0FC3-48F5-9FE1-220DD42113C6}.Release|iPhone.Deploy.0 = Release|Any CPU
		{474007D2-0FC3-48F5-9FE1-220DD42113C6}.Release|iPhoneSimulator.ActiveCfg = Release|Any CPU
		{474007D2-0FC3-48F5-9FE1-220DD42113C6}.Release|iPhoneSimulator.Build.0 = Release|Any CPU
		{474007D2-0FC3-48F5-9FE1-220DD42113C6}.Release|iPhoneSimulator.Deploy.0 = Release|Any CPU
		{785901D4-50E8-4DF1-B33A-6F9CD1E00508}.Debug|Any CPU.ActiveCfg = Debug|iPhone
		{785901D4-50E8-4DF1-B33A-6F9CD1E00508}.Debug|Any CPU.Build.0 = Debug|iPhone
		{785901D4-50E8-4DF1-B33A-6F9CD1E00508}.Debug|Any CPU.Deploy.0 = Debug|iPhone
		{785901D4-50E8-4DF1-B33A-6F9CD1E00508}.Debug|iPhone.ActiveCfg = Debug|iPhone
		{785901D4-50E8-4DF1-B33A-6F9CD1E00508}.Debug|iPhone.Build.0 = Debug|iPhone
		{785901D4-50E8-4DF1-B33A-6F9CD1E00508}.Debug|iPhone.Deploy.0 = Debug|iPhone
		{785901D4-50E8-4DF1-B33A-6F9CD1E00508}.Debug|iPhoneSimulator.ActiveCfg = Debug|iPhoneSimulator
		{785901D4-50E8-4DF1-B33A-6F9CD1E00508}.Debug|iPhoneSimulator.Build.0 = Debug|iPhoneSimulator
		{785901D4-50E8-4DF1-B33A-6F9CD1E00508}.Debug|iPhoneSimulator.Deploy.0 = Debug|iPhoneSimulator
		{785901D4-50E8-4DF1-B33A-6F9CD1E00508}.Release|Any CPU.ActiveCfg = Release|iPhoneSimulator
		{785901D4-50E8-4DF1-B33A-6F9CD1E00508}.Release|Any CPU.Build.0 = Release|iPhoneSimulator
		{785901D4-50E8-4DF1-B33A-6F9CD1E00508}.Release|Any CPU.Deploy.0 = Release|iPhoneSimulator
		{785901D4-50E8-4DF1-B33A-6F9CD1E00508}.Release|iPhone.ActiveCfg = Release|iPhone
		{785901D4-50E8-4DF1-B33A-6F9CD1E00508}.Release|iPhone.Build.0 = Release|iPhone
		{785901D4-50E8-4DF1-B33A-6F9CD1E00508}.Release|iPhone.Deploy.0 = Release|iPhone
		{785901D4-50E8-4DF1-B33A-6F9CD1E00508}.Release|iPhoneSimulator.ActiveCfg = Release|iPhoneSimulator
		{785901D4-50E8-4DF1-B33A-6F9CD1E00508}.Release|iPhoneSimulator.Build.0 = Release|iPhoneSimulator
		{785901D4-50E8-4DF1-B33A-6F9CD1E00508}.Release|iPhoneSimulator.Deploy.0 = Release|iPhoneSimulator
		{FD31B805-E159-433D-8BE6-9234F018A539}.Debug|Any CPU.ActiveCfg = Debug|Any CPU
		{FD31B805-E159-433D-8BE6-9234F018A539}.Debug|Any CPU.Build.0 = Debug|Any CPU
		{FD31B805-E159-433D-8BE6-9234F018A539}.Debug|Any CPU.Deploy.0 = Debug|Any CPU
		{FD31B805-E159-433D-8BE6-9234F018A539}.Debug|iPhone.ActiveCfg = Debug|Any CPU
		{FD31B805-E159-433D-8BE6-9234F018A539}.Debug|iPhone.Build.0 = Debug|Any CPU
		{FD31B805-E159-433D-8BE6-9234F018A539}.Debug|iPhone.Deploy.0 = Debug|Any CPU
		{FD31B805-E159-433D-8BE6-9234F018A539}.Debug|iPhoneSimulator.ActiveCfg = Debug|Any CPU
		{FD31B805-E159-433D-8BE6-9234F018A539}.Debug|iPhoneSimulator.Build.0 = Debug|Any CPU
		{FD31B805-E159-433D-8BE6-9234F018A539}.Debug|iPhoneSimulator.Deploy.0 = Debug|Any CPU
		{FD31B805-E159-433D-8BE6-9234F018A539}.Release|Any CPU.ActiveCfg = Release|Any CPU
		{FD31B805-E159-433D-8BE6-9234F018A539}.Release|Any CPU.Build.0 = Release|Any CPU
		{FD31B805-E159-433D-8BE6-9234F018A539}.Release|Any CPU.Deploy.0 = Release|Any CPU
		{FD31B805-E159-433D-8BE6-9234F018A539}.Release|iPhone.ActiveCfg = Release|Any CPU
		{FD31B805-E159-433D-8BE6-9234F018A539}.Release|iPhone.Build.0 = Release|Any CPU
		{FD31B805-E159-433D-8BE6-9234F018A539}.Release|iPhone.Deploy.0 = Release|Any CPU
		{FD31B805-E159-433D-8BE6-9234F018A539}.Release|iPhoneSimulator.ActiveCfg = Release|Any CPU
		{FD31B805-E159-433D-8BE6-9234F018A539}.Release|iPhoneSimulator.Build.0 = Release|Any CPU
		{FD31B805-E159-433D-8BE6-9234F018A539}.Release|iPhoneSimulator.Deploy.0 = Release|Any CPU
	EndGlobalSection
	GlobalSection(SolutionProperties) = preSolution
		HideSolutionNode = FALSE
	EndGlobalSection
	GlobalSection(ExtensibilityGlobals) = postSolution
		SolutionGuid = {3597DA4C-AFCE-4CE3-9965-F7663D780012}
	EndGlobalSection
EndGlobal
